
Microsoft Visual Studio Solution File, Format Version 12.00
# Visual Studio Version 17
VisualStudioVersion = 17.8.34330.188
MinimumVisualStudioVersion = 10.0.40219.1
Project("{9A19103F-16F7-4668-BE54-9A1E7A4F7556}") = "Coling.API.Afiliados", "Coling.API\Coling.API.Afiliados.csproj", "{AC70F8F0-DD72-4A51-A0F6-42AC469FB789}"
EndProject
Project("{9A19103F-16F7-4668-BE54-9A1E7A4F7556}") = "Coling.API.Curriculum", "Coling.API.Curriculum\Coling.API.Curriculum.csproj", "{3CCCB287-6AE0-4187-BE1C-125FF691D640}"
EndProject
Project("{9A19103F-16F7-4668-BE54-9A1E7A4F7556}") = "Coling.API.Bolsatrabajo", "Coling.API.Bolsatrabajo\Coling.API.Bolsatrabajo.csproj", "{FD064F4A-4391-441C-B5F0-819EFC8D7DC5}"
EndProject
Project("{2150E333-8FDC-42A3-9474-1A3956D46DE8}") = "APIMicroservices", "APIMicroservices", "{8B9F34B5-55CB-4262-A277-C263C1AA9A80}"
EndProject
Project("{2150E333-8FDC-42A3-9474-1A3956D46DE8}") = "Common", "Common", "{EFA7F9AC-E7BD-4A2D-8B44-E81673127249}"
EndProject
Project("{9A19103F-16F7-4668-BE54-9A1E7A4F7556}") = "Coling.Shared", "Coling.Shared\Coling.Shared.csproj", "{C01BCDB8-173B-4F0C-B8CA-E718FB770B5E}"
EndProject
Project("{2150E333-8FDC-42A3-9474-1A3956D46DE8}") = "Multiplataforma", "Multiplataforma", "{8C5FF4D3-FA45-449E-A54A-882C9BEF9C8F}"
EndProject
Project("{9A19103F-16F7-4668-BE54-9A1E7A4F7556}") = "Coling.Vista", "Coling.Vista\Coling.Vista.csproj", "{CBBCC4A6-FBC5-4A8F-AB3D-DFCE3C24BB0F}"
EndProject
Global
	GlobalSection(SolutionConfigurationPlatforms) = preSolution
		Debug|Any CPU = Debug|Any CPU
		Release|Any CPU = Release|Any CPU
	EndGlobalSection
	GlobalSection(ProjectConfigurationPlatforms) = postSolution
		{AC70F8F0-DD72-4A51-A0F6-42AC469FB789}.Debug|Any CPU.ActiveCfg = Debug|Any CPU
		{AC70F8F0-DD72-4A51-A0F6-42AC469FB789}.Debug|Any CPU.Build.0 = Debug|Any CPU
		{AC70F8F0-DD72-4A51-A0F6-42AC469FB789}.Release|Any CPU.ActiveCfg = Release|Any CPU
		{AC70F8F0-DD72-4A51-A0F6-42AC469FB789}.Release|Any CPU.Build.0 = Release|Any CPU
		{3CCCB287-6AE0-4187-BE1C-125FF691D640}.Debug|Any CPU.ActiveCfg = Debug|Any CPU
		{3CCCB287-6AE0-4187-BE1C-125FF691D640}.Debug|Any CPU.Build.0 = Debug|Any CPU
		{3CCCB287-6AE0-4187-BE1C-125FF691D640}.Release|Any CPU.ActiveCfg = Release|Any CPU
		{3CCCB287-6AE0-4187-BE1C-125FF691D640}.Release|Any CPU.Build.0 = Release|Any CPU
		{FD064F4A-4391-441C-B5F0-819EFC8D7DC5}.Debug|Any CPU.ActiveCfg = Debug|Any CPU
		{FD064F4A-4391-441C-B5F0-819EFC8D7DC5}.Debug|Any CPU.Build.0 = Debug|Any CPU
		{FD064F4A-4391-441C-B5F0-819EFC8D7DC5}.Release|Any CPU.ActiveCfg = Release|Any CPU
		{FD064F4A-4391-441C-B5F0-819EFC8D7DC5}.Release|Any CPU.Build.0 = Release|Any CPU
		{C01BCDB8-173B-4F0C-B8CA-E718FB770B5E}.Debug|Any CPU.ActiveCfg = Debug|Any CPU
		{C01BCDB8-173B-4F0C-B8CA-E718FB770B5E}.Debug|Any CPU.Build.0 = Debug|Any CPU
		{C01BCDB8-173B-4F0C-B8CA-E718FB770B5E}.Release|Any CPU.ActiveCfg = Release|Any CPU
		{C01BCDB8-173B-4F0C-B8CA-E718FB770B5E}.Release|Any CPU.Build.0 = Release|Any CPU
		{CBBCC4A6-FBC5-4A8F-AB3D-DFCE3C24BB0F}.Debug|Any CPU.ActiveCfg = Debug|Any CPU
		{CBBCC4A6-FBC5-4A8F-AB3D-DFCE3C24BB0F}.Debug|Any CPU.Build.0 = Debug|Any CPU
		{CBBCC4A6-FBC5-4A8F-AB3D-DFCE3C24BB0F}.Debug|Any CPU.Deploy.0 = Debug|Any CPU
		{CBBCC4A6-FBC5-4A8F-AB3D-DFCE3C24BB0F}.Release|Any CPU.ActiveCfg = Release|Any CPU
		{CBBCC4A6-FBC5-4A8F-AB3D-DFCE3C24BB0F}.Release|Any CPU.Build.0 = Release|Any CPU
		{CBBCC4A6-FBC5-4A8F-AB3D-DFCE3C24BB0F}.Release|Any CPU.Deploy.0 = Release|Any CPU
	EndGlobalSection
	GlobalSection(SolutionProperties) = preSolution
		HideSolutionNode = FALSE
	EndGlobalSection
	GlobalSection(NestedProjects) = preSolution
		{AC70F8F0-DD72-4A51-A0F6-42AC469FB789} = {8B9F34B5-55CB-4262-A277-C263C1AA9A80}
		{3CCCB287-6AE0-4187-BE1C-125FF691D640} = {8B9F34B5-55CB-4262-A277-C263C1AA9A80}
		{FD064F4A-4391-441C-B5F0-819EFC8D7DC5} = {8B9F34B5-55CB-4262-A277-C263C1AA9A80}
		{C01BCDB8-173B-4F0C-B8CA-E718FB770B5E} = {EFA7F9AC-E7BD-4A2D-8B44-E81673127249}
		{CBBCC4A6-FBC5-4A8F-AB3D-DFCE3C24BB0F} = {8C5FF4D3-FA45-449E-A54A-882C9BEF9C8F}
	EndGlobalSection
	GlobalSection(ExtensibilityGlobals) = postSolution
		SolutionGuid = {9933E5E1-AB7A-4554-BD79-1967E4AC2491}
	EndGlobalSection
EndGlobal
